# THIS IS AN AUTOGENERATED FILE. DO NOT EDIT THIS FILE DIRECTLY.
# yarn lockfile v1


swr@^1.2.2:
  version "1.2.2"
  resolved "https://registry.yarnpkg.com/swr/-/swr-1.2.2.tgz#6cae09928d30593a7980d80f85823e57468fac5d"
  integrity sha512-ky0BskS/V47GpW8d6RU7CPsr6J8cr7mQD6+do5eky3bM0IyJaoi3vO8UhvrzJaObuTlGhPl2szodeB2dUd76Xw==
